
Microsoft Visual Studio Solution File, Format Version 12.00
# Visual Studio 15
VisualStudioVersion = 15.0.26730.12
MinimumVisualStudioVersion = 10.0.40219.1
Project("{FAE04EC0-301F-11D3-BF4B-00C04F79EFBC}") = "Class9Demo", "Class9Demo\Class9Demo.csproj", "{EE9430D4-D544-47EC-86CC-C73E84EBC1EB}"
EndProject
Global
	GlobalSection(SolutionConfigurationPlatforms) = preSolution
		Debug|Any CPU = Debug|Any CPU
		Release|Any CPU = Release|Any CPU
	EndGlobalSection
	GlobalSection(ProjectConfigurationPlatforms) = postSolution
		{EE9430D4-D544-47EC-86CC-C73E84EBC1EB}.Debug|Any CPU.ActiveCfg = Debug|Any CPU
		{EE9430D4-D544-47EC-86CC-C73E84EBC1EB}.Debug|Any CPU.Build.0 = Debug|Any CPU
		{EE9430D4-D544-47EC-86CC-C73E84EBC1EB}.Release|Any CPU.ActiveCfg = Release|Any CPU
		{EE9430D4-D544-47EC-86CC-C73E84EBC1EB}.Release|Any CPU.Build.0 = Release|Any CPU
	EndGlobalSection
	GlobalSection(SolutionProperties) = preSolution
		HideSolutionNode = FALSE
	EndGlobalSection
	GlobalSection(ExtensibilityGlobals) = postSolution
		SolutionGuid = {D95F5A2E-B255-4864-A698-9372B3FD55E9}
	EndGlobalSection
EndGlobal
