
Microsoft Visual Studio Solution File, Format Version 12.00
# Visual Studio 15
VisualStudioVersion = 15.0.26730.12
MinimumVisualStudioVersion = 10.0.40219.1
Project("{FAE04EC0-301F-11D3-BF4B-00C04F79EFBC}") = "TreePostOrder", "TreePostOrder\TreePostOrder.csproj", "{49CAFB9B-C06C-49CF-9100-9743CC676781}"
EndProject
Global
	GlobalSection(SolutionConfigurationPlatforms) = preSolution
		Debug|Any CPU = Debug|Any CPU
		Release|Any CPU = Release|Any CPU
	EndGlobalSection
	GlobalSection(ProjectConfigurationPlatforms) = postSolution
		{49CAFB9B-C06C-49CF-9100-9743CC676781}.Debug|Any CPU.ActiveCfg = Debug|Any CPU
		{49CAFB9B-C06C-49CF-9100-9743CC676781}.Debug|Any CPU.Build.0 = Debug|Any CPU
		{49CAFB9B-C06C-49CF-9100-9743CC676781}.Release|Any CPU.ActiveCfg = Release|Any CPU
		{49CAFB9B-C06C-49CF-9100-9743CC676781}.Release|Any CPU.Build.0 = Release|Any CPU
	EndGlobalSection
	GlobalSection(SolutionProperties) = preSolution
		HideSolutionNode = FALSE
	EndGlobalSection
	GlobalSection(ExtensibilityGlobals) = postSolution
		SolutionGuid = {E5DA35AC-88E8-4559-835F-829C1E3B26A2}
	EndGlobalSection
EndGlobal
