
Microsoft Visual Studio Solution File, Format Version 12.00
# Visual Studio 15
VisualStudioVersion = 15.0.26730.12
MinimumVisualStudioVersion = 10.0.40219.1
Project("{FAE04EC0-301F-11D3-BF4B-00C04F79EFBC}") = "Class04Demo", "Class04Demo\Class04Demo.csproj", "{915506ED-ADB9-45BB-A278-A9A36AD5F9E7}"
EndProject
Global
	GlobalSection(SolutionConfigurationPlatforms) = preSolution
		Debug|Any CPU = Debug|Any CPU
		Release|Any CPU = Release|Any CPU
	EndGlobalSection
	GlobalSection(ProjectConfigurationPlatforms) = postSolution
		{915506ED-ADB9-45BB-A278-A9A36AD5F9E7}.Debug|Any CPU.ActiveCfg = Debug|Any CPU
		{915506ED-ADB9-45BB-A278-A9A36AD5F9E7}.Debug|Any CPU.Build.0 = Debug|Any CPU
		{915506ED-ADB9-45BB-A278-A9A36AD5F9E7}.Release|Any CPU.ActiveCfg = Release|Any CPU
		{915506ED-ADB9-45BB-A278-A9A36AD5F9E7}.Release|Any CPU.Build.0 = Release|Any CPU
	EndGlobalSection
	GlobalSection(SolutionProperties) = preSolution
		HideSolutionNode = FALSE
	EndGlobalSection
	GlobalSection(ExtensibilityGlobals) = postSolution
		SolutionGuid = {8DB74BBB-B48A-492B-853A-4EA6BB758A8B}
	EndGlobalSection
EndGlobal
