
Microsoft Visual Studio Solution File, Format Version 12.00
# Visual Studio 15
VisualStudioVersion = 15.0.26730.12
MinimumVisualStudioVersion = 10.0.40219.1
Project("{FAE04EC0-301F-11D3-BF4B-00C04F79EFBC}") = "lab04gregoryBuildAZoo", "lab04-gregory-buildAZoo\lab04gregoryBuildAZoo.csproj", "{5985EDEE-36C6-42F0-A4EB-36A92A8CDAED}"
EndProject
Global
	GlobalSection(SolutionConfigurationPlatforms) = preSolution
		Debug|Any CPU = Debug|Any CPU
		Release|Any CPU = Release|Any CPU
	EndGlobalSection
	GlobalSection(ProjectConfigurationPlatforms) = postSolution
		{5985EDEE-36C6-42F0-A4EB-36A92A8CDAED}.Debug|Any CPU.ActiveCfg = Debug|Any CPU
		{5985EDEE-36C6-42F0-A4EB-36A92A8CDAED}.Debug|Any CPU.Build.0 = Debug|Any CPU
		{5985EDEE-36C6-42F0-A4EB-36A92A8CDAED}.Release|Any CPU.ActiveCfg = Release|Any CPU
		{5985EDEE-36C6-42F0-A4EB-36A92A8CDAED}.Release|Any CPU.Build.0 = Release|Any CPU
	EndGlobalSection
	GlobalSection(SolutionProperties) = preSolution
		HideSolutionNode = FALSE
	EndGlobalSection
	GlobalSection(ExtensibilityGlobals) = postSolution
		SolutionGuid = {7D4B3483-F362-4B89-ACB3-33E44C6AA629}
	EndGlobalSection
EndGlobal
